// !$*UTF8*$!
{
	archiveVersion = 1;
	classes = {
	};
	objectVersion = 55;
	objects = {

/* Begin PBXBuildFile section */
		71188ACA27E3F31800EE9DD2 /* AppDelegate.swift in Sources */ = {isa = PBXBuildFile; fileRef = 71188AC927E3F31800EE9DD2 /* AppDelegate.swift */; };
		71188ACC27E3F31800EE9DD2 /* SceneDelegate.swift in Sources */ = {isa = PBXBuildFile; fileRef = 71188ACB27E3F31800EE9DD2 /* SceneDelegate.swift */; };
		71188ACE27E3F31800EE9DD2 /* ViewController.swift in Sources */ = {isa = PBXBuildFile; fileRef = 71188ACD27E3F31800EE9DD2 /* ViewController.swift */; };
		71188AD127E3F31800EE9DD2 /* Main.storyboard in Resources */ = {isa = PBXBuildFile; fileRef = 71188ACF27E3F31800EE9DD2 /* Main.storyboard */; };
		71188AD427E3F31800EE9DD2 /* Cinema.xcdatamodeld in Sources */ = {isa = PBXBuildFile; fileRef = 71188AD227E3F31800EE9DD2 /* Cinema.xcdatamodeld */; };
		71188AD627E3F31A00EE9DD2 /* Assets.xcassets in Resources */ = {isa = PBXBuildFile; fileRef = 71188AD527E3F31A00EE9DD2 /* Assets.xcassets */; };
		71188AD927E3F31A00EE9DD2 /* LaunchScreen.storyboard in Resources */ = {isa = PBXBuildFile; fileRef = 71188AD727E3F31A00EE9DD2 /* LaunchScreen.storyboard */; };
		71188AE127E3F92D00EE9DD2 /* MovieTableViewCell.swift in Sources */ = {isa = PBXBuildFile; fileRef = 71188AE027E3F92D00EE9DD2 /* MovieTableViewCell.swift */; };
		718944E427E4FA93001099AE /* Coordinator.swift in Sources */ = {isa = PBXBuildFile; fileRef = 718944E327E4FA93001099AE /* Coordinator.swift */; };
		718944E627E502E5001099AE /* ActorsViewController.swift in Sources */ = {isa = PBXBuildFile; fileRef = 718944E527E502E5001099AE /* ActorsViewController.swift */; };
		718944E827E5030B001099AE /* ProductionCompanyViewController.swift in Sources */ = {isa = PBXBuildFile; fileRef = 718944E727E5030B001099AE /* ProductionCompanyViewController.swift */; };
		718944EE27E50762001099AE /* ActorTableViewCell.swift in Sources */ = {isa = PBXBuildFile; fileRef = 718944ED27E50762001099AE /* ActorTableViewCell.swift */; };
		718944F027E50773001099AE /* ProductionCompanyTableViewCell.swift in Sources */ = {isa = PBXBuildFile; fileRef = 718944EF27E50773001099AE /* ProductionCompanyTableViewCell.swift */; };
/* End PBXBuildFile section */

/* Begin PBXFileReference section */
		71188AC627E3F31800EE9DD2 /* Cinema.app */ = {isa = PBXFileReference; explicitFileType = wrapper.application; includeInIndex = 0; path = Cinema.app; sourceTree = BUILT_PRODUCTS_DIR; };
		71188AC927E3F31800EE9DD2 /* AppDelegate.swift */ = {isa = PBXFileReference; lastKnownFileType = sourcecode.swift; path = AppDelegate.swift; sourceTree = "<group>"; };
		71188ACB27E3F31800EE9DD2 /* SceneDelegate.swift */ = {isa = PBXFileReference; lastKnownFileType = sourcecode.swift; path = SceneDelegate.swift; sourceTree = "<group>"; };
		71188ACD27E3F31800EE9DD2 /* ViewController.swift */ = {isa = PBXFileReference; lastKnownFileType = sourcecode.swift; path = ViewController.swift; sourceTree = "<group>"; };
		71188AD027E3F31800EE9DD2 /* Base */ = {isa = PBXFileReference; lastKnownFileType = file.storyboard; name = Base; path = Base.lproj/Main.storyboard; sourceTree = "<group>"; };
		71188AD327E3F31800EE9DD2 /* Cinema.xcdatamodel */ = {isa = PBXFileReference; lastKnownFileType = wrapper.xcdatamodel; path = Cinema.xcdatamodel; sourceTree = "<group>"; };
		71188AD527E3F31A00EE9DD2 /* Assets.xcassets */ = {isa = PBXFileReference; lastKnownFileType = folder.assetcatalog; path = Assets.xcassets; sourceTree = "<group>"; };
		71188AD827E3F31A00EE9DD2 /* Base */ = {isa = PBXFileReference; lastKnownFileType = file.storyboard; name = Base; path = Base.lproj/LaunchScreen.storyboard; sourceTree = "<group>"; };
		71188ADA27E3F31A00EE9DD2 /* Info.plist */ = {isa = PBXFileReference; lastKnownFileType = text.plist.xml; path = Info.plist; sourceTree = "<group>"; };
		71188AE027E3F92D00EE9DD2 /* MovieTableViewCell.swift */ = {isa = PBXFileReference; lastKnownFileType = sourcecode.swift; path = MovieTableViewCell.swift; sourceTree = "<group>"; };
		718944E327E4FA93001099AE /* Coordinator.swift */ = {isa = PBXFileReference; lastKnownFileType = sourcecode.swift; path = Coordinator.swift; sourceTree = "<group>"; };
		718944E527E502E5001099AE /* ActorsViewController.swift */ = {isa = PBXFileReference; lastKnownFileType = sourcecode.swift; path = ActorsViewController.swift; sourceTree = "<group>"; };
		718944E727E5030B001099AE /* ProductionCompanyViewController.swift */ = {isa = PBXFileReference; lastKnownFileType = sourcecode.swift; path = ProductionCompanyViewController.swift; sourceTree = "<group>"; };
		718944ED27E50762001099AE /* ActorTableViewCell.swift */ = {isa = PBXFileReference; lastKnownFileType = sourcecode.swift; path = ActorTableViewCell.swift; sourceTree = "<group>"; };
		718944EF27E50773001099AE /* ProductionCompanyTableViewCell.swift */ = {isa = PBXFileReference; lastKnownFileType = sourcecode.swift; path = ProductionCompanyTableViewCell.swift; sourceTree = "<group>"; };
/* End PBXFileReference section */

/* Begin PBXFrameworksBuildPhase section */
		71188AC327E3F31800EE9DD2 /* Frameworks */ = {
			isa = PBXFrameworksBuildPhase;
			buildActionMask = 2147483647;
			files = (
			);
			runOnlyForDeploymentPostprocessing = 0;
		};
/* End PBXFrameworksBuildPhase section */

/* Begin PBXGroup section */
		71188ABD27E3F31800EE9DD2 = {
			isa = PBXGroup;
			children = (
				71188AC827E3F31800EE9DD2 /* Cinema */,
				71188AC727E3F31800EE9DD2 /* Products */,
			);
			sourceTree = "<group>";
		};
		71188AC727E3F31800EE9DD2 /* Products */ = {
			isa = PBXGroup;
			children = (
				71188AC627E3F31800EE9DD2 /* Cinema.app */,
			);
			name = Products;
			sourceTree = "<group>";
		};
		71188AC827E3F31800EE9DD2 /* Cinema */ = {
			isa = PBXGroup;
			children = (
				718944EC27E5034D001099AE /* App */,
				718944E927E50315001099AE /* Movies */,
				718944EA27E5032B001099AE /* Actors */,
				718944EB27E50338001099AE /* Production Companies */,
				71188ACF27E3F31800EE9DD2 /* Main.storyboard */,
				71188AD527E3F31A00EE9DD2 /* Assets.xcassets */,
				71188AD727E3F31A00EE9DD2 /* LaunchScreen.storyboard */,
				71188ADA27E3F31A00EE9DD2 /* Info.plist */,
				71188AD227E3F31800EE9DD2 /* Cinema.xcdatamodeld */,
			);
			path = Cinema;
			sourceTree = "<group>";
		};
		718944E927E50315001099AE /* Movies */ = {
			isa = PBXGroup;
			children = (
				71188ACD27E3F31800EE9DD2 /* ViewController.swift */,
				71188AE027E3F92D00EE9DD2 /* MovieTableViewCell.swift */,
			);
			path = Movies;
			sourceTree = "<group>";
		};
		718944EA27E5032B001099AE /* Actors */ = {
			isa = PBXGroup;
			children = (
				718944E527E502E5001099AE /* ActorsViewController.swift */,
				718944ED27E50762001099AE /* ActorTableViewCell.swift */,
			);
			path = Actors;
			sourceTree = "<group>";
		};
		718944EB27E50338001099AE /* Production Companies */ = {
			isa = PBXGroup;
			children = (
				718944E727E5030B001099AE /* ProductionCompanyViewController.swift */,
				718944EF27E50773001099AE /* ProductionCompanyTableViewCell.swift */,
			);
			path = "Production Companies";
			sourceTree = "<group>";
		};
		718944EC27E5034D001099AE /* App */ = {
			isa = PBXGroup;
			children = (
				71188AC927E3F31800EE9DD2 /* AppDelegate.swift */,
				71188ACB27E3F31800EE9DD2 /* SceneDelegate.swift */,
				718944E327E4FA93001099AE /* Coordinator.swift */,
			);
			path = App;
			sourceTree = "<group>";
		};
/* End PBXGroup section */

/* Begin PBXNativeTarget section */
		71188AC527E3F31800EE9DD2 /* Cinema */ = {
			isa = PBXNativeTarget;
			buildConfigurationList = 71188ADD27E3F31A00EE9DD2 /* Build configuration list for PBXNativeTarget "Cinema" */;
			buildPhases = (
				71188AC227E3F31800EE9DD2 /* Sources */,
				71188AC327E3F31800EE9DD2 /* Frameworks */,
				71188AC427E3F31800EE9DD2 /* Resources */,
			);
			buildRules = (
			);
			dependencies = (
			);
			name = Cinema;
			productName = Cinema;
			productReference = 71188AC627E3F31800EE9DD2 /* Cinema.app */;
			productType = "com.apple.product-type.application";
		};
/* End PBXNativeTarget section */

/* Begin PBXProject section */
		71188ABE27E3F31800EE9DD2 /* Project object */ = {
			isa = PBXProject;
			attributes = {
				BuildIndependentTargetsInParallel = 1;
				LastSwiftUpdateCheck = 1330;
				LastUpgradeCheck = 1330;
				TargetAttributes = {
					71188AC527E3F31800EE9DD2 = {
						CreatedOnToolsVersion = 13.3;
					};
				};
			};
			buildConfigurationList = 71188AC127E3F31800EE9DD2 /* Build configuration list for PBXProject "Cinema" */;
			compatibilityVersion = "Xcode 13.0";
			developmentRegion = en;
			hasScannedForEncodings = 0;
			knownRegions = (
				en,
				Base,
			);
			mainGroup = 71188ABD27E3F31800EE9DD2;
			productRefGroup = 71188AC727E3F31800EE9DD2 /* Products */;
			projectDirPath = "";
			projectRoot = "";
			targets = (
				71188AC527E3F31800EE9DD2 /* Cinema */,
			);
		};
/* End PBXProject section */

/* Begin PBXResourcesBuildPhase section */
		71188AC427E3F31800EE9DD2 /* Resources */ = {
			isa = PBXResourcesBuildPhase;
			buildActionMask = 2147483647;
			files = (
				71188AD927E3F31A00EE9DD2 /* LaunchScreen.storyboard in Resources */,
				71188AD627E3F31A00EE9DD2 /* Assets.xcassets in Resources */,
				71188AD127E3F31800EE9DD2 /* Main.storyboard in Resources */,
			);
			runOnlyForDeploymentPostprocessing = 0;
		};
/* End PBXResourcesBuildPhase section */

/* Begin PBXSourcesBuildPhase section */
		71188AC227E3F31800EE9DD2 /* Sources */ = {
			isa = PBXSourcesBuildPhase;
			buildActionMask = 2147483647;
			files = (
				71188AE127E3F92D00EE9DD2 /* MovieTableViewCell.swift in Sources */,
				718944EE27E50762001099AE /* ActorTableViewCell.swift in Sources */,
				71188AD427E3F31800EE9DD2 /* Cinema.xcdatamodeld in Sources */,
				718944E427E4FA93001099AE /* Coordinator.swift in Sources */,
				71188ACE27E3F31800EE9DD2 /* ViewController.swift in Sources */,
				71188ACA27E3F31800EE9DD2 /* AppDelegate.swift in Sources */,
				718944E827E5030B001099AE /* ProductionCompanyViewController.swift in Sources */,
				71188ACC27E3F31800EE9DD2 /* SceneDelegate.swift in Sources */,
				718944F027E50773001099AE /* ProductionCompanyTableViewCell.swift in Sources */,
				718944E627E502E5001099AE /* ActorsViewController.swift in Sources */,
			);
			runOnlyForDeploymentPostprocessing = 0;
		};
/* End PBXSourcesBuildPhase section */

/* Begin PBXVariantGroup section */
		71188ACF27E3F31800EE9DD2 /* Main.storyboard */ = {
			isa = PBXVariantGroup;
			children = (
				71188AD027E3F31800EE9DD2 /* Base */,
			);
			name = Main.storyboard;
			sourceTree = "<group>";
		};
		71188AD727E3F31A00EE9DD2 /* LaunchScreen.storyboard */ = {
			isa = PBXVariantGroup;
			children = (
				71188AD827E3F31A00EE9DD2 /* Base */,
			);
			name = LaunchScreen.storyboard;
			sourceTree = "<group>";
		};
/* End PBXVariantGroup section */

/* Begin XCBuildConfiguration section */
		71188ADB27E3F31A00EE9DD2 /* Debug */ = {
			isa = XCBuildConfiguration;
			buildSettings = {
				ALWAYS_SEARCH_USER_PATHS = NO;
				CLANG_ANALYZER_NONNULL = YES;
				CLANG_ANALYZER_NUMBER_OBJECT_CONVERSION = YES_AGGRESSIVE;
				CLANG_CXX_LANGUAGE_STANDARD = "gnu++17";
				CLANG_ENABLE_MODULES = YES;
				CLANG_ENABLE_OBJC_ARC = YES;
				CLANG_ENABLE_OBJC_WEAK = YES;
				CLANG_WARN_BLOCK_CAPTURE_AUTORELEASING = YES;
				CLANG_WARN_BOOL_CONVERSION = YES;
				CLANG_WARN_COMMA = YES;
				CLANG_WARN_CONSTANT_CONVERSION = YES;
				CLANG_WARN_DEPRECATED_OBJC_IMPLEMENTATIONS = YES;
				CLANG_WARN_DIRECT_OBJC_ISA_USAGE = YES_ERROR;
				CLANG_WARN_DOCUMENTATION_COMMENTS = YES;
				CLANG_WARN_EMPTY_BODY = YES;
				CLANG_WARN_ENUM_CONVERSION = YES;
				CLANG_WARN_INFINITE_RECURSION = YES;
				CLANG_WARN_INT_CONVERSION = YES;
				CLANG_WARN_NON_LITERAL_NULL_CONVERSION = YES;
				CLANG_WARN_OBJC_IMPLICIT_RETAIN_SELF = YES;
				CLANG_WARN_OBJC_LITERAL_CONVERSION = YES;
				CLANG_WARN_OBJC_ROOT_CLASS = YES_ERROR;
				CLANG_WARN_QUOTED_INCLUDE_IN_FRAMEWORK_HEADER = YES;
				CLANG_WARN_RANGE_LOOP_ANALYSIS = YES;
				CLANG_WARN_STRICT_PROTOTYPES = YES;
				CLANG_WARN_SUSPICIOUS_MOVE = YES;
				CLANG_WARN_UNGUARDED_AVAILABILITY = YES_AGGRESSIVE;
				CLANG_WARN_UNREACHABLE_CODE = YES;
				CLANG_WARN__DUPLICATE_METHOD_MATCH = YES;
				COPY_PHASE_STRIP = NO;
				DEBUG_INFORMATION_FORMAT = dwarf;
				ENABLE_STRICT_OBJC_MSGSEND = YES;
				ENABLE_TESTABILITY = YES;
				GCC_C_LANGUAGE_STANDARD = gnu11;
				GCC_DYNAMIC_NO_PIC = NO;
				GCC_NO_COMMON_BLOCKS = YES;
				GCC_OPTIMIZATION_LEVEL = 0;
				GCC_PREPROCESSOR_DEFINITIONS = (
					"DEBUG=1",
					"$(inherited)",
				);
				GCC_WARN_64_TO_32_BIT_CONVERSION = YES;
				GCC_WARN_ABOUT_RETURN_TYPE = YES_ERROR;
				GCC_WARN_UNDECLARED_SELECTOR = YES;
				GCC_WARN_UNINITIALIZED_AUTOS = YES_AGGRESSIVE;
				GCC_WARN_UNUSED_FUNCTION = YES;
				GCC_WARN_UNUSED_VARIABLE = YES;
				IPHONEOS_DEPLOYMENT_TARGET = 15.4;
				MTL_ENABLE_DEBUG_INFO = INCLUDE_SOURCE;
				MTL_FAST_MATH = YES;
				ONLY_ACTIVE_ARCH = YES;
				SDKROOT = iphoneos;
				SWIFT_ACTIVE_COMPILATION_CONDITIONS = DEBUG;
				SWIFT_OPTIMIZATION_LEVEL = "-Onone";
			};
			name = Debug;
		};
		71188ADC27E3F31A00EE9DD2 /* Release */ = {
			isa = XCBuildConfiguration;
			buildSettings = {
				ALWAYS_SEARCH_USER_PATHS = NO;
				CLANG_ANALYZER_NONNULL = YES;
				CLANG_ANALYZER_NUMBER_OBJECT_CONVERSION = YES_AGGRESSIVE;
				CLANG_CXX_LANGUAGE_STANDARD = "gnu++17";
				CLANG_ENABLE_MODULES = YES;
				CLANG_ENABLE_OBJC_ARC = YES;
				CLANG_ENABLE_OBJC_WEAK = YES;
				CLANG_WARN_BLOCK_CAPTURE_AUTORELEASING = YES;
				CLANG_WARN_BOOL_CONVERSION = YES;
				CLANG_WARN_COMMA = YES;
				CLANG_WARN_CONSTANT_CONVERSION = YES;
				CLANG_WARN_DEPRECATED_OBJC_IMPLEMENTATIONS = YES;
				CLANG_WARN_DIRECT_OBJC_ISA_USAGE = YES_ERROR;
				CLANG_WARN_DOCUMENTATION_COMMENTS = YES;
				CLANG_WARN_EMPTY_BODY = YES;
				CLANG_WARN_ENUM_CONVERSION = YES;
				CLANG_WARN_INFINITE_RECURSION = YES;
				CLANG_WARN_INT_CONVERSION = YES;
				CLANG_WARN_NON_LITERAL_NULL_CONVERSION = YES;
				CLANG_WARN_OBJC_IMPLICIT_RETAIN_SELF = YES;
				CLANG_WARN_OBJC_LITERAL_CONVERSION = YES;
				CLANG_WARN_OBJC_ROOT_CLASS = YES_ERROR;
				CLANG_WARN_QUOTED_INCLUDE_IN_FRAMEWORK_HEADER = YES;
				CLANG_WARN_RANGE_LOOP_ANALYSIS = YES;
				CLANG_WARN_STRICT_PROTOTYPES = YES;
				CLANG_WARN_SUSPICIOUS_MOVE = YES;
				CLANG_WARN_UNGUARDED_AVAILABILITY = YES_AGGRESSIVE;
				CLANG_WARN_UNREACHABLE_CODE = YES;
				CLANG_WARN__DUPLICATE_METHOD_MATCH = YES;
				COPY_PHASE_STRIP = NO;
				DEBUG_INFORMATION_FORMAT = "dwarf-with-dsym";
				ENABLE_NS_ASSERTIONS = NO;
				ENABLE_STRICT_OBJC_MSGSEND = YES;
				GCC_C_LANGUAGE_STANDARD = gnu11;
				GCC_NO_COMMON_BLOCKS = YES;
				GCC_WARN_64_TO_32_BIT_CONVERSION = YES;
				GCC_WARN_ABOUT_RETURN_TYPE = YES_ERROR;
				GCC_WARN_UNDECLARED_SELECTOR = YES;
				GCC_WARN_UNINITIALIZED_AUTOS = YES_AGGRESSIVE;
				GCC_WARN_UNUSED_FUNCTION = YES;
				GCC_WARN_UNUSED_VARIABLE = YES;
				IPHONEOS_DEPLOYMENT_TARGET = 15.4;
				MTL_ENABLE_DEBUG_INFO = NO;
				MTL_FAST_MATH = YES;
				SDKROOT = iphoneos;
				SWIFT_COMPILATION_MODE = wholemodule;
				SWIFT_OPTIMIZATION_LEVEL = "-O";
				VALIDATE_PRODUCT = YES;
			};
			name = Release;
		};
		71188ADE27E3F31A00EE9DD2 /* Debug */ = {
			isa = XCBuildConfiguration;
			buildSettings = {
				ASSETCATALOG_COMPILER_APPICON_NAME = AppIcon;
				ASSETCATALOG_COMPILER_GLOBAL_ACCENT_COLOR_NAME = AccentColor;
				CODE_SIGN_STYLE = Automatic;
				CURRENT_PROJECT_VERSION = 1;
				DEVELOPMENT_TEAM = M7DG8QRAF9;
				GENERATE_INFOPLIST_FILE = YES;
				INFOPLIST_FILE = Cinema/Info.plist;
				INFOPLIST_KEY_UIApplicationSupportsIndirectInputEvents = YES;
				INFOPLIST_KEY_UILaunchStoryboardName = LaunchScreen;
				INFOPLIST_KEY_UISupportedInterfaceOrientations_iPad = "UIInterfaceOrientationPortrait UIInterfaceOrientationPortraitUpsideDown UIInterfaceOrientationLandscapeLeft UIInterfaceOrientationLandscapeRight";
				INFOPLIST_KEY_UISupportedInterfaceOrientations_iPhone = "UIInterfaceOrientationPortrait UIInterfaceOrientationLandscapeLeft UIInterfaceOrientationLandscapeRight";
				LD_RUNPATH_SEARCH_PATHS = (
					"$(inherited)",
					"@executable_path/Frameworks",
				);
				MARKETING_VERSION = 1.0;
				PRODUCT_BUNDLE_IDENTIFIER = br.poa.sprenger.Cinema;
				PRODUCT_NAME = "$(TARGET_NAME)";
				SWIFT_EMIT_LOC_STRINGS = YES;
				SWIFT_VERSION = 5.0;
				TARGETED_DEVICE_FAMILY = "1,2";
			};
			name = Debug;
		};
		71188ADF27E3F31A00EE9DD2 /* Release */ = {
			isa = XCBuildConfiguration;
			buildSettings = {
				ASSETCATALOG_COMPILER_APPICON_NAME = AppIcon;
				ASSETCATALOG_COMPILER_GLOBAL_ACCENT_COLOR_NAME = AccentColor;
				CODE_SIGN_STYLE = Automatic;
				CURRENT_PROJECT_VERSION = 1;
				DEVELOPMENT_TEAM = M7DG8QRAF9;
				GENERATE_INFOPLIST_FILE = YES;
				INFOPLIST_FILE = Cinema/Info.plist;
				INFOPLIST_KEY_UIApplicationSupportsIndirectInputEvents = YES;
				INFOPLIST_KEY_UILaunchStoryboardName = LaunchScreen;
				INFOPLIST_KEY_UISupportedInterfaceOrientations_iPad = "UIInterfaceOrientationPortrait UIInterfaceOrientationPortraitUpsideDown UIInterfaceOrientationLandscapeLeft UIInterfaceOrientationLandscapeRight";
				INFOPLIST_KEY_UISupportedInterfaceOrientations_iPhone = "UIInterfaceOrientationPortrait UIInterfaceOrientationLandscapeLeft UIInterfaceOrientationLandscapeRight";
				LD_RUNPATH_SEARCH_PATHS = (
					"$(inherited)",
					"@executable_path/Frameworks",
				);
				MARKETING_VERSION = 1.0;
				PRODUCT_BUNDLE_IDENTIFIER = br.poa.sprenger.Cinema;
				PRODUCT_NAME = "$(TARGET_NAME)";
				SWIFT_EMIT_LOC_STRINGS = YES;
				SWIFT_VERSION = 5.0;
				TARGETED_DEVICE_FAMILY = "1,2";
			};
			name = Release;
		};
/* End XCBuildConfiguration section */

/* Begin XCConfigurationList section */
		71188AC127E3F31800EE9DD2 /* Build configuration list for PBXProject "Cinema" */ = {
			isa = XCConfigurationList;
			buildConfigurations = (
				71188ADB27E3F31A00EE9DD2 /* Debug */,
				71188ADC27E3F31A00EE9DD2 /* Release */,
			);
			defaultConfigurationIsVisible = 0;
			defaultConfigurationName = Release;
		};
		71188ADD27E3F31A00EE9DD2 /* Build configuration list for PBXNativeTarget "Cinema" */ = {
			isa = XCConfigurationList;
			buildConfigurations = (
				71188ADE27E3F31A00EE9DD2 /* Debug */,
				71188ADF27E3F31A00EE9DD2 /* Release */,
			);
			defaultConfigurationIsVisible = 0;
			defaultConfigurationName = Release;
		};
/* End XCConfigurationList section */

/* Begin XCVersionGroup section */
		71188AD227E3F31800EE9DD2 /* Cinema.xcdatamodeld */ = {
			isa = XCVersionGroup;
			children = (
				71188AD327E3F31800EE9DD2 /* Cinema.xcdatamodel */,
			);
			currentVersion = 71188AD327E3F31800EE9DD2 /* Cinema.xcdatamodel */;
			path = Cinema.xcdatamodeld;
			sourceTree = "<group>";
			versionGroupType = wrapper.xcdatamodel;
		};
/* End XCVersionGroup section */
	};
	rootObject = 71188ABE27E3F31800EE9DD2 /* Project object */;
}
